
Microsoft Visual Studio Solution File, Format Version 12.00
# Visual Studio Version 16
VisualStudioVersion = 16.0.28803.452
MinimumVisualStudioVersion = 10.0.40219.1
Project("{FAE04EC0-301F-11D3-BF4B-00C04F79EFBC}") = "GenericAPI", "GenericAPI\GenericAPI.csproj", "{2AA1D9BF-51F5-414B-B684-8D96AE12CA96}"
EndProject
Project("{FAE04EC0-301F-11D3-BF4B-00C04F79EFBC}") = "GenericAPI.Tests", "GenericAPI.Tests\GenericAPI.Tests.csproj", "{BF8CCC13-552A-4019-9621-13686828F7A2}"
EndProject
Global
	GlobalSection(SolutionConfigurationPlatforms) = preSolution
		Debug|Any CPU = Debug|Any CPU
		Release|Any CPU = Release|Any CPU
	EndGlobalSection
	GlobalSection(ProjectConfigurationPlatforms) = postSolution
		{2AA1D9BF-51F5-414B-B684-8D96AE12CA96}.Debug|Any CPU.ActiveCfg = Debug|Any CPU
		{2AA1D9BF-51F5-414B-B684-8D96AE12CA96}.Debug|Any CPU.Build.0 = Debug|Any CPU
		{2AA1D9BF-51F5-414B-B684-8D96AE12CA96}.Release|Any CPU.ActiveCfg = Release|Any CPU
		{2AA1D9BF-51F5-414B-B684-8D96AE12CA96}.Release|Any CPU.Build.0 = Release|Any CPU
		{BF8CCC13-552A-4019-9621-13686828F7A2}.Debug|Any CPU.ActiveCfg = Debug|Any CPU
		{BF8CCC13-552A-4019-9621-13686828F7A2}.Debug|Any CPU.Build.0 = Debug|Any CPU
		{BF8CCC13-552A-4019-9621-13686828F7A2}.Release|Any CPU.ActiveCfg = Release|Any CPU
		{BF8CCC13-552A-4019-9621-13686828F7A2}.Release|Any CPU.Build.0 = Release|Any CPU
	EndGlobalSection
	GlobalSection(SolutionProperties) = preSolution
		HideSolutionNode = FALSE
	EndGlobalSection
	GlobalSection(ExtensibilityGlobals) = postSolution
		SolutionGuid = {15F16EB6-005A-470C-9A89-1C7E268CC4FD}
	EndGlobalSection
EndGlobal
